
Microsoft Visual Studio Solution File, Format Version 12.00
# Visual Studio Version 16
VisualStudioVersion = 16.0.32002.261
MinimumVisualStudioVersion = 10.0.40219.1
Project("{FAE04EC0-301F-11D3-BF4B-00C04F79EFBC}") = "gitpipleline", "gitpipleline.csproj", "{9B9C8C31-21D6-4BF7-90BD-186BC20B75B7}"
EndProject
Global
	GlobalSection(SolutionConfigurationPlatforms) = preSolution
		Debug|Any CPU = Debug|Any CPU
		Release|Any CPU = Release|Any CPU
	EndGlobalSection
	GlobalSection(ProjectConfigurationPlatforms) = postSolution
		{9B9C8C31-21D6-4BF7-90BD-186BC20B75B7}.Debug|Any CPU.ActiveCfg = Debug|Any CPU
		{9B9C8C31-21D6-4BF7-90BD-186BC20B75B7}.Debug|Any CPU.Build.0 = Debug|Any CPU
		{9B9C8C31-21D6-4BF7-90BD-186BC20B75B7}.Release|Any CPU.ActiveCfg = Release|Any CPU
		{9B9C8C31-21D6-4BF7-90BD-186BC20B75B7}.Release|Any CPU.Build.0 = Release|Any CPU
	EndGlobalSection
	GlobalSection(SolutionProperties) = preSolution
		HideSolutionNode = FALSE
	EndGlobalSection
	GlobalSection(ExtensibilityGlobals) = postSolution
		SolutionGuid = {04C9CD22-77CA-471D-B711-9685370CE4B2}
	EndGlobalSection
EndGlobal
